<?xml version="1.0" encoding="utf-8"?>
<Project ToolsVersion="4.0" xmlns="http://schemas.microsoft.com/developer/msbuild/2003">
  <ItemGroup>
    <Filter Include="Source Files">
      <UniqueIdentifier>{af48155d-2245-481a-8956-9badb7652ebc}</UniqueIdentifier>
      <Extensions>cpp;c;cxx;rc;def;r;odl;idl;hpj;bat</Extensions>
    </Filter>
    <Filter Include="Header Files">
      <UniqueIdentifier>{83b77f39-29e8-4ac7-9afd-73f5f076752b}</UniqueIdentifier>
      <Extensions>h;hpp;hxx;hm;inl</Extensions>
    </Filter>
    <Filter Include="Resource Files">
      <UniqueIdentifier>{fdd47ad4-59cf-4f9c-ba67-71e66bb28ccf}</UniqueIdentifier>
      <Extensions>ico;cur;bmp;dlg;rc2;rct;bin;rgs;gif;jpg;jpeg;jpe</Extensions>
    </Filter>
  </ItemGroup>
  <ItemGroup>
    <ClCompile Include="cluster.cpp">
      <Filter>Source Files</Filter>
    </ClCompile>
    <ClCompile Include="gu99.cpp">
      <Filter>Source Files</Filter>
    </ClCompile>
    <ClCompile Include="gz97.cpp">
      <Filter>Source Files</Filter>
    </ClCompile>
    <ClCompile Include="GZf2.cpp">
      <Filter>Source Files</Filter>
    </ClCompile>
    <ClCompile Include="main.cpp">
      <Filter>Source Files</Filter>
    </ClCompile>
    <ClCompile Include="sequence.cpp">
      <Filter>Source Files</Filter>
    </ClCompile>
    <ClCompile Include="tree.cpp">
      <Filter>Source Files</Filter>
    </ClCompile>
  </ItemGroup>
  <ItemGroup>
    <ClInclude Include="cluster.h">
      <Filter>Header Files</Filter>
    </ClInclude>
    <ClInclude Include="common.h">
      <Filter>Header Files</Filter>
    </ClInclude>
    <ClInclude Include="gu99.h">
      <Filter>Header Files</Filter>
    </ClInclude>
    <ClInclude Include="gz97.h">
      <Filter>Header Files</Filter>
    </ClInclude>
    <ClInclude Include="GZf2.h">
      <Filter>Header Files</Filter>
    </ClInclude>
    <ClInclude Include="matrices.h">
      <Filter>Header Files</Filter>
    </ClInclude>
    <ClInclude Include="matrix.h">
      <Filter>Header Files</Filter>
    </ClInclude>
    <ClInclude Include="sequence.h">
      <Filter>Header Files</Filter>
    </ClInclude>
    <ClInclude Include="tree.h">
      <Filter>Header Files</Filter>
    </ClInclude>
  </ItemGroup>
</Project>